
Microsoft Visual Studio Solution File, Format Version 12.00
# Visual Studio Version 16
VisualStudioVersion = 16.0.29728.190
MinimumVisualStudioVersion = 10.0.40219.1
Project("{FAE04EC0-301F-11D3-BF4B-00C04F79EFBC}") = "RUAP_LV1", "RUAP_LV1\RUAP_LV1.csproj", "{C48D2452-F29E-43E2-ABF6-927F83F21BAA}"
EndProject
Global
	GlobalSection(SolutionConfigurationPlatforms) = preSolution
		Debug|Any CPU = Debug|Any CPU
		Release|Any CPU = Release|Any CPU
	EndGlobalSection
	GlobalSection(ProjectConfigurationPlatforms) = postSolution
		{C48D2452-F29E-43E2-ABF6-927F83F21BAA}.Debug|Any CPU.ActiveCfg = Debug|Any CPU
		{C48D2452-F29E-43E2-ABF6-927F83F21BAA}.Debug|Any CPU.Build.0 = Debug|Any CPU
		{C48D2452-F29E-43E2-ABF6-927F83F21BAA}.Release|Any CPU.ActiveCfg = Release|Any CPU
		{C48D2452-F29E-43E2-ABF6-927F83F21BAA}.Release|Any CPU.Build.0 = Release|Any CPU
	EndGlobalSection
	GlobalSection(SolutionProperties) = preSolution
		HideSolutionNode = FALSE
	EndGlobalSection
	GlobalSection(ExtensibilityGlobals) = postSolution
		SolutionGuid = {6DA46807-E294-497E-A01A-9C89CC223905}
	EndGlobalSection
EndGlobal
